
Microsoft Visual Studio Solution File, Format Version 12.00
# Visual Studio Version 17
VisualStudioVersion = 17.5.002.0
MinimumVisualStudioVersion = 10.0.40219.1
Project("{9A19103F-16F7-4668-BE54-9A1E7A4F7556}") = "testapi09", "testapi09.csproj", "{AA936979-C3A7-4868-AFA6-CED101FF3029}"
EndProject
Global
	GlobalSection(SolutionConfigurationPlatforms) = preSolution
		Debug|Any CPU = Debug|Any CPU
		Release|Any CPU = Release|Any CPU
	EndGlobalSection
	GlobalSection(ProjectConfigurationPlatforms) = postSolution
		{AA936979-C3A7-4868-AFA6-CED101FF3029}.Debug|Any CPU.ActiveCfg = Debug|Any CPU
		{AA936979-C3A7-4868-AFA6-CED101FF3029}.Debug|Any CPU.Build.0 = Debug|Any CPU
		{AA936979-C3A7-4868-AFA6-CED101FF3029}.Release|Any CPU.ActiveCfg = Release|Any CPU
		{AA936979-C3A7-4868-AFA6-CED101FF3029}.Release|Any CPU.Build.0 = Release|Any CPU
	EndGlobalSection
	GlobalSection(SolutionProperties) = preSolution
		HideSolutionNode = FALSE
	EndGlobalSection
	GlobalSection(ExtensibilityGlobals) = postSolution
		SolutionGuid = {C54F8A6C-C855-4A85-B349-E6C25BD90937}
	EndGlobalSection
EndGlobal
